
Microsoft Visual Studio Solution File, Format Version 12.00
# Visual Studio Version 17
VisualStudioVersion = 17.5.002.0
MinimumVisualStudioVersion = 10.0.40219.1
Project("{9A19103F-16F7-4668-BE54-9A1E7A4F7556}") = "OrderService", "OrderService.csproj", "{AFD3AA55-291B-4750-87F3-F0DB8AADA96A}"
EndProject
Global
	GlobalSection(SolutionConfigurationPlatforms) = preSolution
		Debug|Any CPU = Debug|Any CPU
		Release|Any CPU = Release|Any CPU
	EndGlobalSection
	GlobalSection(ProjectConfigurationPlatforms) = postSolution
		{AFD3AA55-291B-4750-87F3-F0DB8AADA96A}.Debug|Any CPU.ActiveCfg = Debug|Any CPU
		{AFD3AA55-291B-4750-87F3-F0DB8AADA96A}.Debug|Any CPU.Build.0 = Debug|Any CPU
		{AFD3AA55-291B-4750-87F3-F0DB8AADA96A}.Release|Any CPU.ActiveCfg = Release|Any CPU
		{AFD3AA55-291B-4750-87F3-F0DB8AADA96A}.Release|Any CPU.Build.0 = Release|Any CPU
	EndGlobalSection
	GlobalSection(SolutionProperties) = preSolution
		HideSolutionNode = FALSE
	EndGlobalSection
	GlobalSection(ExtensibilityGlobals) = postSolution
		SolutionGuid = {0E507FBF-2E7B-40E5-BAB4-657B8F48AFE8}
	EndGlobalSection
EndGlobal
